// !$*UTF8*$!
{
	archiveVersion = 1;
	classes = {
	};
	objectVersion = 46;
	objects = {

/* Begin PBXBuildFile section */
		09FE4D371CB6A2D2000975C4 /* AppDelegate.swift in Sources */ = {isa = PBXBuildFile; fileRef = 09FE4D361CB6A2D2000975C4 /* AppDelegate.swift */; };
		09FE4D3C1CB6A2D2000975C4 /* Main.storyboard in Resources */ = {isa = PBXBuildFile; fileRef = 09FE4D3A1CB6A2D2000975C4 /* Main.storyboard */; };
		09FE4D3E1CB6A2D2000975C4 /* Assets.xcassets in Resources */ = {isa = PBXBuildFile; fileRef = 09FE4D3D1CB6A2D2000975C4 /* Assets.xcassets */; };
		09FE4D411CB6A2D2000975C4 /* LaunchScreen.storyboard in Resources */ = {isa = PBXBuildFile; fileRef = 09FE4D3F1CB6A2D2000975C4 /* LaunchScreen.storyboard */; };
		09FE4D491CB6A6C3000975C4 /* HCPushViewController.swift in Sources */ = {isa = PBXBuildFile; fileRef = 09FE4D481CB6A6C3000975C4 /* HCPushViewController.swift */; };
		09FE4D4B1CB6A6DC000975C4 /* HCSignUpViewController.swift in Sources */ = {isa = PBXBuildFile; fileRef = 09FE4D4A1CB6A6DC000975C4 /* HCSignUpViewController.swift */; };
		09FE4D4D1CB6B3EC000975C4 /* Bolts.framework in Frameworks */ = {isa = PBXBuildFile; fileRef = 09FE4D4C1CB6B3EC000975C4 /* Bolts.framework */; };
		09FE4D4F1CB6B3F6000975C4 /* Parse.framework in Frameworks */ = {isa = PBXBuildFile; fileRef = 09FE4D4E1CB6B3F6000975C4 /* Parse.framework */; };
		09FE4D511CB6B3FE000975C4 /* ParseUI.framework in Frameworks */ = {isa = PBXBuildFile; fileRef = 09FE4D501CB6B3FE000975C4 /* ParseUI.framework */; };
		09FE4D541CB6B465000975C4 /* libsqlite3.tbd in Frameworks */ = {isa = PBXBuildFile; fileRef = 09FE4D531CB6B465000975C4 /* libsqlite3.tbd */; };
		09FE4D561CB6B473000975C4 /* libz.tbd in Frameworks */ = {isa = PBXBuildFile; fileRef = 09FE4D551CB6B473000975C4 /* libz.tbd */; };
		09FE4D581CB6B489000975C4 /* SystemConfiguration.framework in Frameworks */ = {isa = PBXBuildFile; fileRef = 09FE4D571CB6B489000975C4 /* SystemConfiguration.framework */; };
		09FE4D5A1CB6B491000975C4 /* StoreKit.framework in Frameworks */ = {isa = PBXBuildFile; fileRef = 09FE4D591CB6B491000975C4 /* StoreKit.framework */; };
		09FE4D5C1CB6B499000975C4 /* Security.framework in Frameworks */ = {isa = PBXBuildFile; fileRef = 09FE4D5B1CB6B499000975C4 /* Security.framework */; };
		09FE4D5E1CB6B4A3000975C4 /* QuartzCore.framework in Frameworks */ = {isa = PBXBuildFile; fileRef = 09FE4D5D1CB6B4A3000975C4 /* QuartzCore.framework */; };
		09FE4D601CB6B4AB000975C4 /* CoreLocation.framework in Frameworks */ = {isa = PBXBuildFile; fileRef = 09FE4D5F1CB6B4AB000975C4 /* CoreLocation.framework */; };
		09FE4D621CB6B4B7000975C4 /* CoreGraphics.framework in Frameworks */ = {isa = PBXBuildFile; fileRef = 09FE4D611CB6B4B7000975C4 /* CoreGraphics.framework */; };
		09FE4D641CB6B4C0000975C4 /* CFNetwork.framework in Frameworks */ = {isa = PBXBuildFile; fileRef = 09FE4D631CB6B4C0000975C4 /* CFNetwork.framework */; };
		09FE4D661CB6B4CB000975C4 /* AudioToolbox.framework in Frameworks */ = {isa = PBXBuildFile; fileRef = 09FE4D651CB6B4CB000975C4 /* AudioToolbox.framework */; };
/* End PBXBuildFile section */

/* Begin PBXFileReference section */
		09FE4D331CB6A2D2000975C4 /* App_SingUp_Login.app */ = {isa = PBXFileReference; explicitFileType = wrapper.application; includeInIndex = 0; path = App_SingUp_Login.app; sourceTree = BUILT_PRODUCTS_DIR; };
		09FE4D361CB6A2D2000975C4 /* AppDelegate.swift */ = {isa = PBXFileReference; lastKnownFileType = sourcecode.swift; path = AppDelegate.swift; sourceTree = "<group>"; };
		09FE4D3B1CB6A2D2000975C4 /* Base */ = {isa = PBXFileReference; lastKnownFileType = file.storyboard; name = Base; path = Base.lproj/Main.storyboard; sourceTree = "<group>"; };
		09FE4D3D1CB6A2D2000975C4 /* Assets.xcassets */ = {isa = PBXFileReference; lastKnownFileType = folder.assetcatalog; path = Assets.xcassets; sourceTree = "<group>"; };
		09FE4D401CB6A2D2000975C4 /* Base */ = {isa = PBXFileReference; lastKnownFileType = file.storyboard; name = Base; path = Base.lproj/LaunchScreen.storyboard; sourceTree = "<group>"; };
		09FE4D421CB6A2D2000975C4 /* Info.plist */ = {isa = PBXFileReference; lastKnownFileType = text.plist.xml; path = Info.plist; sourceTree = "<group>"; };
		09FE4D481CB6A6C3000975C4 /* HCPushViewController.swift */ = {isa = PBXFileReference; fileEncoding = 4; lastKnownFileType = sourcecode.swift; name = HCPushViewController.swift; path = ../HCPushViewController.swift; sourceTree = "<group>"; };
		09FE4D4A1CB6A6DC000975C4 /* HCSignUpViewController.swift */ = {isa = PBXFileReference; fileEncoding = 4; lastKnownFileType = sourcecode.swift; name = HCSignUpViewController.swift; path = ../HCSignUpViewController.swift; sourceTree = "<group>"; };
		09FE4D4C1CB6B3EC000975C4 /* Bolts.framework */ = {isa = PBXFileReference; lastKnownFileType = wrapper.framework; path = Bolts.framework; sourceTree = "<group>"; };
		09FE4D4E1CB6B3F6000975C4 /* Parse.framework */ = {isa = PBXFileReference; lastKnownFileType = wrapper.framework; path = Parse.framework; sourceTree = "<group>"; };
		09FE4D501CB6B3FE000975C4 /* ParseUI.framework */ = {isa = PBXFileReference; lastKnownFileType = wrapper.framework; path = ParseUI.framework; sourceTree = "<group>"; };
		09FE4D531CB6B465000975C4 /* libsqlite3.tbd */ = {isa = PBXFileReference; lastKnownFileType = "sourcecode.text-based-dylib-definition"; name = libsqlite3.tbd; path = usr/lib/libsqlite3.tbd; sourceTree = SDKROOT; };
		09FE4D551CB6B473000975C4 /* libz.tbd */ = {isa = PBXFileReference; lastKnownFileType = "sourcecode.text-based-dylib-definition"; name = libz.tbd; path = usr/lib/libz.tbd; sourceTree = SDKROOT; };
		09FE4D571CB6B489000975C4 /* SystemConfiguration.framework */ = {isa = PBXFileReference; lastKnownFileType = wrapper.framework; name = SystemConfiguration.framework; path = System/Library/Frameworks/SystemConfiguration.framework; sourceTree = SDKROOT; };
		09FE4D591CB6B491000975C4 /* StoreKit.framework */ = {isa = PBXFileReference; lastKnownFileType = wrapper.framework; name = StoreKit.framework; path = System/Library/Frameworks/StoreKit.framework; sourceTree = SDKROOT; };
		09FE4D5B1CB6B499000975C4 /* Security.framework */ = {isa = PBXFileReference; lastKnownFileType = wrapper.framework; name = Security.framework; path = System/Library/Frameworks/Security.framework; sourceTree = SDKROOT; };
		09FE4D5D1CB6B4A3000975C4 /* QuartzCore.framework */ = {isa = PBXFileReference; lastKnownFileType = wrapper.framework; name = QuartzCore.framework; path = System/Library/Frameworks/QuartzCore.framework; sourceTree = SDKROOT; };
		09FE4D5F1CB6B4AB000975C4 /* CoreLocation.framework */ = {isa = PBXFileReference; lastKnownFileType = wrapper.framework; name = CoreLocation.framework; path = System/Library/Frameworks/CoreLocation.framework; sourceTree = SDKROOT; };
		09FE4D611CB6B4B7000975C4 /* CoreGraphics.framework */ = {isa = PBXFileReference; lastKnownFileType = wrapper.framework; name = CoreGraphics.framework; path = System/Library/Frameworks/CoreGraphics.framework; sourceTree = SDKROOT; };
		09FE4D631CB6B4C0000975C4 /* CFNetwork.framework */ = {isa = PBXFileReference; lastKnownFileType = wrapper.framework; name = CFNetwork.framework; path = System/Library/Frameworks/CFNetwork.framework; sourceTree = SDKROOT; };
		09FE4D651CB6B4CB000975C4 /* AudioToolbox.framework */ = {isa = PBXFileReference; lastKnownFileType = wrapper.framework; name = AudioToolbox.framework; path = System/Library/Frameworks/AudioToolbox.framework; sourceTree = SDKROOT; };
/* End PBXFileReference section */

/* Begin PBXFrameworksBuildPhase section */
		09FE4D301CB6A2D2000975C4 /* Frameworks */ = {
			isa = PBXFrameworksBuildPhase;
			buildActionMask = 2147483647;
			files = (
				09FE4D661CB6B4CB000975C4 /* AudioToolbox.framework in Frameworks */,
				09FE4D641CB6B4C0000975C4 /* CFNetwork.framework in Frameworks */,
				09FE4D621CB6B4B7000975C4 /* CoreGraphics.framework in Frameworks */,
				09FE4D601CB6B4AB000975C4 /* CoreLocation.framework in Frameworks */,
				09FE4D5E1CB6B4A3000975C4 /* QuartzCore.framework in Frameworks */,
				09FE4D5C1CB6B499000975C4 /* Security.framework in Frameworks */,
				09FE4D5A1CB6B491000975C4 /* StoreKit.framework in Frameworks */,
				09FE4D581CB6B489000975C4 /* SystemConfiguration.framework in Frameworks */,
				09FE4D561CB6B473000975C4 /* libz.tbd in Frameworks */,
				09FE4D541CB6B465000975C4 /* libsqlite3.tbd in Frameworks */,
				09FE4D511CB6B3FE000975C4 /* ParseUI.framework in Frameworks */,
				09FE4D4F1CB6B3F6000975C4 /* Parse.framework in Frameworks */,
				09FE4D4D1CB6B3EC000975C4 /* Bolts.framework in Frameworks */,
			);
			runOnlyForDeploymentPostprocessing = 0;
		};
/* End PBXFrameworksBuildPhase section */

/* Begin PBXGroup section */
		09FE4D2A1CB6A2D2000975C4 = {
			isa = PBXGroup;
			children = (
				09FE4D671CB6B4D3000975C4 /* Framework Apple */,
				09FE4D551CB6B473000975C4 /* libz.tbd */,
				09FE4D531CB6B465000975C4 /* libsqlite3.tbd */,
				09FE4D351CB6A2D2000975C4 /* App_SingUp_Login */,
				09FE4D341CB6A2D2000975C4 /* Products */,
			);
			sourceTree = "<group>";
		};
		09FE4D341CB6A2D2000975C4 /* Products */ = {
			isa = PBXGroup;
			children = (
				09FE4D331CB6A2D2000975C4 /* App_SingUp_Login.app */,
			);
			name = Products;
			sourceTree = "<group>";
		};
		09FE4D351CB6A2D2000975C4 /* App_SingUp_Login */ = {
			isa = PBXGroup;
			children = (
				09FE4D521CB6B40A000975C4 /* Framework Parse */,
				09FE4D481CB6A6C3000975C4 /* HCPushViewController.swift */,
				09FE4D4A1CB6A6DC000975C4 /* HCSignUpViewController.swift */,
				09FE4D361CB6A2D2000975C4 /* AppDelegate.swift */,
				09FE4D3A1CB6A2D2000975C4 /* Main.storyboard */,
				09FE4D3D1CB6A2D2000975C4 /* Assets.xcassets */,
				09FE4D3F1CB6A2D2000975C4 /* LaunchScreen.storyboard */,
				09FE4D421CB6A2D2000975C4 /* Info.plist */,
			);
			path = App_SingUp_Login;
			sourceTree = "<group>";
		};
		09FE4D521CB6B40A000975C4 /* Framework Parse */ = {
			isa = PBXGroup;
			children = (
				09FE4D4E1CB6B3F6000975C4 /* Parse.framework */,
				09FE4D501CB6B3FE000975C4 /* ParseUI.framework */,
				09FE4D4C1CB6B3EC000975C4 /* Bolts.framework */,
			);
			name = "Framework Parse";
			sourceTree = "<group>";
		};
		09FE4D671CB6B4D3000975C4 /* Framework Apple */ = {
			isa = PBXGroup;
			children = (
				09FE4D651CB6B4CB000975C4 /* AudioToolbox.framework */,
				09FE4D631CB6B4C0000975C4 /* CFNetwork.framework */,
				09FE4D611CB6B4B7000975C4 /* CoreGraphics.framework */,
				09FE4D5F1CB6B4AB000975C4 /* CoreLocation.framework */,
				09FE4D5D1CB6B4A3000975C4 /* QuartzCore.framework */,
				09FE4D5B1CB6B499000975C4 /* Security.framework */,
				09FE4D591CB6B491000975C4 /* StoreKit.framework */,
				09FE4D571CB6B489000975C4 /* SystemConfiguration.framework */,
			);
			name = "Framework Apple";
			sourceTree = "<group>";
		};
/* End PBXGroup section */

/* Begin PBXNativeTarget section */
		09FE4D321CB6A2D2000975C4 /* App_SingUp_Login */ = {
			isa = PBXNativeTarget;
			buildConfigurationList = 09FE4D451CB6A2D2000975C4 /* Build configuration list for PBXNativeTarget "App_SingUp_Login" */;
			buildPhases = (
				09FE4D2F1CB6A2D2000975C4 /* Sources */,
				09FE4D301CB6A2D2000975C4 /* Frameworks */,
				09FE4D311CB6A2D2000975C4 /* Resources */,
			);
			buildRules = (
			);
			dependencies = (
			);
			name = App_SingUp_Login;
			productName = App_SingUp_Login;
			productReference = 09FE4D331CB6A2D2000975C4 /* App_SingUp_Login.app */;
			productType = "com.apple.product-type.application";
		};
/* End PBXNativeTarget section */

/* Begin PBXProject section */
		09FE4D2B1CB6A2D2000975C4 /* Project object */ = {
			isa = PBXProject;
			attributes = {
				LastSwiftUpdateCheck = 0710;
				LastUpgradeCheck = 0710;
				ORGANIZATIONNAME = CICE;
				TargetAttributes = {
					09FE4D321CB6A2D2000975C4 = {
						CreatedOnToolsVersion = 7.1.1;
					};
				};
			};
			buildConfigurationList = 09FE4D2E1CB6A2D2000975C4 /* Build configuration list for PBXProject "App_SingUp_Login" */;
			compatibilityVersion = "Xcode 3.2";
			developmentRegion = English;
			hasScannedForEncodings = 0;
			knownRegions = (
				en,
				Base,
			);
			mainGroup = 09FE4D2A1CB6A2D2000975C4;
			productRefGroup = 09FE4D341CB6A2D2000975C4 /* Products */;
			projectDirPath = "";
			projectRoot = "";
			targets = (
				09FE4D321CB6A2D2000975C4 /* App_SingUp_Login */,
			);
		};
/* End PBXProject section */

/* Begin PBXResourcesBuildPhase section */
		09FE4D311CB6A2D2000975C4 /* Resources */ = {
			isa = PBXResourcesBuildPhase;
			buildActionMask = 2147483647;
			files = (
				09FE4D411CB6A2D2000975C4 /* LaunchScreen.storyboard in Resources */,
				09FE4D3E1CB6A2D2000975C4 /* Assets.xcassets in Resources */,
				09FE4D3C1CB6A2D2000975C4 /* Main.storyboard in Resources */,
			);
			runOnlyForDeploymentPostprocessing = 0;
		};
/* End PBXResourcesBuildPhase section */

/* Begin PBXSourcesBuildPhase section */
		09FE4D2F1CB6A2D2000975C4 /* Sources */ = {
			isa = PBXSourcesBuildPhase;
			buildActionMask = 2147483647;
			files = (
				09FE4D371CB6A2D2000975C4 /* AppDelegate.swift in Sources */,
				09FE4D4B1CB6A6DC000975C4 /* HCSignUpViewController.swift in Sources */,
				09FE4D491CB6A6C3000975C4 /* HCPushViewController.swift in Sources */,
			);
			runOnlyForDeploymentPostprocessing = 0;
		};
/* End PBXSourcesBuildPhase section */

/* Begin PBXVariantGroup section */
		09FE4D3A1CB6A2D2000975C4 /* Main.storyboard */ = {
			isa = PBXVariantGroup;
			children = (
				09FE4D3B1CB6A2D2000975C4 /* Base */,
			);
			name = Main.storyboard;
			sourceTree = "<group>";
		};
		09FE4D3F1CB6A2D2000975C4 /* LaunchScreen.storyboard */ = {
			isa = PBXVariantGroup;
			children = (
				09FE4D401CB6A2D2000975C4 /* Base */,
			);
			name = LaunchScreen.storyboard;
			sourceTree = "<group>";
		};
/* End PBXVariantGroup section */

/* Begin XCBuildConfiguration section */
		09FE4D431CB6A2D2000975C4 /* Debug */ = {
			isa = XCBuildConfiguration;
			buildSettings = {
				ALWAYS_SEARCH_USER_PATHS = NO;
				CLANG_CXX_LANGUAGE_STANDARD = "gnu++0x";
				CLANG_CXX_LIBRARY = "libc++";
				CLANG_ENABLE_MODULES = YES;
				CLANG_ENABLE_OBJC_ARC = YES;
				CLANG_WARN_BOOL_CONVERSION = YES;
				CLANG_WARN_CONSTANT_CONVERSION = YES;
				CLANG_WARN_DIRECT_OBJC_ISA_USAGE = YES_ERROR;
				CLANG_WARN_EMPTY_BODY = YES;
				CLANG_WARN_ENUM_CONVERSION = YES;
				CLANG_WARN_INT_CONVERSION = YES;
				CLANG_WARN_OBJC_ROOT_CLASS = YES_ERROR;
				CLANG_WARN_UNREACHABLE_CODE = YES;
				CLANG_WARN__DUPLICATE_METHOD_MATCH = YES;
				"CODE_SIGN_IDENTITY[sdk=iphoneos*]" = "iPhone Developer";
				COPY_PHASE_STRIP = NO;
				DEBUG_INFORMATION_FORMAT = dwarf;
				ENABLE_STRICT_OBJC_MSGSEND = YES;
				ENABLE_TESTABILITY = YES;
				GCC_C_LANGUAGE_STANDARD = gnu99;
				GCC_DYNAMIC_NO_PIC = NO;
				GCC_NO_COMMON_BLOCKS = YES;
				GCC_OPTIMIZATION_LEVEL = 0;
				GCC_PREPROCESSOR_DEFINITIONS = (
					"DEBUG=1",
					"$(inherited)",
				);
				GCC_WARN_64_TO_32_BIT_CONVERSION = YES;
				GCC_WARN_ABOUT_RETURN_TYPE = YES_ERROR;
				GCC_WARN_UNDECLARED_SELECTOR = YES;
				GCC_WARN_UNINITIALIZED_AUTOS = YES_AGGRESSIVE;
				GCC_WARN_UNUSED_FUNCTION = YES;
				GCC_WARN_UNUSED_VARIABLE = YES;
				IPHONEOS_DEPLOYMENT_TARGET = 9.1;
				MTL_ENABLE_DEBUG_INFO = YES;
				ONLY_ACTIVE_ARCH = YES;
				SDKROOT = iphoneos;
				SWIFT_OPTIMIZATION_LEVEL = "-Onone";
			};
			name = Debug;
		};
		09FE4D441CB6A2D2000975C4 /* Release */ = {
			isa = XCBuildConfiguration;
			buildSettings = {
				ALWAYS_SEARCH_USER_PATHS = NO;
				CLANG_CXX_LANGUAGE_STANDARD = "gnu++0x";
				CLANG_CXX_LIBRARY = "libc++";
				CLANG_ENABLE_MODULES = YES;
				CLANG_ENABLE_OBJC_ARC = YES;
				CLANG_WARN_BOOL_CONVERSION = YES;
				CLANG_WARN_CONSTANT_CONVERSION = YES;
				CLANG_WARN_DIRECT_OBJC_ISA_USAGE = YES_ERROR;
				CLANG_WARN_EMPTY_BODY = YES;
				CLANG_WARN_ENUM_CONVERSION = YES;
				CLANG_WARN_INT_CONVERSION = YES;
				CLANG_WARN_OBJC_ROOT_CLASS = YES_ERROR;
				CLANG_WARN_UNREACHABLE_CODE = YES;
				CLANG_WARN__DUPLICATE_METHOD_MATCH = YES;
				"CODE_SIGN_IDENTITY[sdk=iphoneos*]" = "iPhone Developer";
				COPY_PHASE_STRIP = NO;
				DEBUG_INFORMATION_FORMAT = "dwarf-with-dsym";
				ENABLE_NS_ASSERTIONS = NO;
				ENABLE_STRICT_OBJC_MSGSEND = YES;
				GCC_C_LANGUAGE_STANDARD = gnu99;
				GCC_NO_COMMON_BLOCKS = YES;
				GCC_WARN_64_TO_32_BIT_CONVERSION = YES;
				GCC_WARN_ABOUT_RETURN_TYPE = YES_ERROR;
				GCC_WARN_UNDECLARED_SELECTOR = YES;
				GCC_WARN_UNINITIALIZED_AUTOS = YES_AGGRESSIVE;
				GCC_WARN_UNUSED_FUNCTION = YES;
				GCC_WARN_UNUSED_VARIABLE = YES;
				IPHONEOS_DEPLOYMENT_TARGET = 9.1;
				MTL_ENABLE_DEBUG_INFO = NO;
				SDKROOT = iphoneos;
				VALIDATE_PRODUCT = YES;
			};
			name = Release;
		};
		09FE4D461CB6A2D2000975C4 /* Debug */ = {
			isa = XCBuildConfiguration;
			buildSettings = {
				ASSETCATALOG_COMPILER_APPICON_NAME = AppIcon;
				FRAMEWORK_SEARCH_PATHS = (
					"$(inherited)",
					"$(PROJECT_DIR)/App_SingUp_Login",
				);
				INFOPLIST_FILE = App_SingUp_Login/Info.plist;
				LD_RUNPATH_SEARCH_PATHS = "$(inherited) @executable_path/Frameworks";
				PRODUCT_BUNDLE_IDENTIFIER = "com.edu.App-SingUp-Login";
				PRODUCT_NAME = "$(TARGET_NAME)";
			};
			name = Debug;
		};
		09FE4D471CB6A2D2000975C4 /* Release */ = {
			isa = XCBuildConfiguration;
			buildSettings = {
				ASSETCATALOG_COMPILER_APPICON_NAME = AppIcon;
				FRAMEWORK_SEARCH_PATHS = (
					"$(inherited)",
					"$(PROJECT_DIR)/App_SingUp_Login",
				);
				INFOPLIST_FILE = App_SingUp_Login/Info.plist;
				LD_RUNPATH_SEARCH_PATHS = "$(inherited) @executable_path/Frameworks";
				PRODUCT_BUNDLE_IDENTIFIER = "com.edu.App-SingUp-Login";
				PRODUCT_NAME = "$(TARGET_NAME)";
			};
			name = Release;
		};
/* End XCBuildConfiguration section */

/* Begin XCConfigurationList section */
		09FE4D2E1CB6A2D2000975C4 /* Build configuration list for PBXProject "App_SingUp_Login" */ = {
			isa = XCConfigurationList;
			buildConfigurations = (
				09FE4D431CB6A2D2000975C4 /* Debug */,
				09FE4D441CB6A2D2000975C4 /* Release */,
			);
			defaultConfigurationIsVisible = 0;
			defaultConfigurationName = Release;
		};
		09FE4D451CB6A2D2000975C4 /* Build configuration list for PBXNativeTarget "App_SingUp_Login" */ = {
			isa = XCConfigurationList;
			buildConfigurations = (
				09FE4D461CB6A2D2000975C4 /* Debug */,
				09FE4D471CB6A2D2000975C4 /* Release */,
			);
			defaultConfigurationIsVisible = 0;
		};
/* End XCConfigurationList section */
	};
	rootObject = 09FE4D2B1CB6A2D2000975C4 /* Project object */;
}
